// !$*UTF8*$!
{
	archiveVersion = 1;
	classes = {
	};
	objectVersion = 46;
	objects = {

/* Begin PBXBuildFile section */
		F6E218DA1AE9ECEC0012172C /* AppDelegate.swift in Sources */ = {isa = PBXBuildFile; fileRef = F6E218D91AE9ECEC0012172C /* AppDelegate.swift */; };
		F6E218DC1AE9ECEC0012172C /* ViewController.swift in Sources */ = {isa = PBXBuildFile; fileRef = F6E218DB1AE9ECEC0012172C /* ViewController.swift */; };
		F6E218DF1AE9ECEC0012172C /* Tabinet.xcdatamodeld in Sources */ = {isa = PBXBuildFile; fileRef = F6E218DD1AE9ECEC0012172C /* Tabinet.xcdatamodeld */; };
		F6E218E11AE9ECEC0012172C /* Images.xcassets in Resources */ = {isa = PBXBuildFile; fileRef = F6E218E01AE9ECEC0012172C /* Images.xcassets */; };
		F6E218E41AE9ECEC0012172C /* Main.storyboard in Resources */ = {isa = PBXBuildFile; fileRef = F6E218E21AE9ECEC0012172C /* Main.storyboard */; };
		F6E218F01AE9ECEC0012172C /* TabinetTests.swift in Sources */ = {isa = PBXBuildFile; fileRef = F6E218EF1AE9ECEC0012172C /* TabinetTests.swift */; };
/* End PBXBuildFile section */

/* Begin PBXContainerItemProxy section */
		F6E218EA1AE9ECEC0012172C /* PBXContainerItemProxy */ = {
			isa = PBXContainerItemProxy;
			containerPortal = F6E218CC1AE9ECEC0012172C /* Project object */;
			proxyType = 1;
			remoteGlobalIDString = F6E218D31AE9ECEC0012172C;
			remoteInfo = Tabinet;
		};
/* End PBXContainerItemProxy section */

/* Begin PBXFileReference section */
		F6E218D41AE9ECEC0012172C /* Tabinet.app */ = {isa = PBXFileReference; explicitFileType = wrapper.application; includeInIndex = 0; path = Tabinet.app; sourceTree = BUILT_PRODUCTS_DIR; };
		F6E218D81AE9ECEC0012172C /* Info.plist */ = {isa = PBXFileReference; lastKnownFileType = text.plist.xml; path = Info.plist; sourceTree = "<group>"; };
		F6E218D91AE9ECEC0012172C /* AppDelegate.swift */ = {isa = PBXFileReference; lastKnownFileType = sourcecode.swift; path = AppDelegate.swift; sourceTree = "<group>"; };
		F6E218DB1AE9ECEC0012172C /* ViewController.swift */ = {isa = PBXFileReference; lastKnownFileType = sourcecode.swift; path = ViewController.swift; sourceTree = "<group>"; };
		F6E218DE1AE9ECEC0012172C /* Tabinet.xcdatamodel */ = {isa = PBXFileReference; lastKnownFileType = wrapper.xcdatamodel; path = Tabinet.xcdatamodel; sourceTree = "<group>"; };
		F6E218E01AE9ECEC0012172C /* Images.xcassets */ = {isa = PBXFileReference; lastKnownFileType = folder.assetcatalog; path = Images.xcassets; sourceTree = "<group>"; };
		F6E218E31AE9ECEC0012172C /* Base */ = {isa = PBXFileReference; lastKnownFileType = file.storyboard; name = Base; path = Base.lproj/Main.storyboard; sourceTree = "<group>"; };
		F6E218E91AE9ECEC0012172C /* TabinetTests.xctest */ = {isa = PBXFileReference; explicitFileType = wrapper.cfbundle; includeInIndex = 0; path = TabinetTests.xctest; sourceTree = BUILT_PRODUCTS_DIR; };
		F6E218EE1AE9ECEC0012172C /* Info.plist */ = {isa = PBXFileReference; lastKnownFileType = text.plist.xml; path = Info.plist; sourceTree = "<group>"; };
		F6E218EF1AE9ECEC0012172C /* TabinetTests.swift */ = {isa = PBXFileReference; lastKnownFileType = sourcecode.swift; path = TabinetTests.swift; sourceTree = "<group>"; };
/* End PBXFileReference section */

/* Begin PBXFrameworksBuildPhase section */
		F6E218D11AE9ECEC0012172C /* Frameworks */ = {
			isa = PBXFrameworksBuildPhase;
			buildActionMask = 2147483647;
			files = (
			);
			runOnlyForDeploymentPostprocessing = 0;
		};
		F6E218E61AE9ECEC0012172C /* Frameworks */ = {
			isa = PBXFrameworksBuildPhase;
			buildActionMask = 2147483647;
			files = (
			);
			runOnlyForDeploymentPostprocessing = 0;
		};
/* End PBXFrameworksBuildPhase section */

/* Begin PBXGroup section */
		F6E218CB1AE9ECEC0012172C = {
			isa = PBXGroup;
			children = (
				F6E218D61AE9ECEC0012172C /* Tabinet */,
				F6E218EC1AE9ECEC0012172C /* TabinetTests */,
				F6E218D51AE9ECEC0012172C /* Products */,
			);
			sourceTree = "<group>";
		};
		F6E218D51AE9ECEC0012172C /* Products */ = {
			isa = PBXGroup;
			children = (
				F6E218D41AE9ECEC0012172C /* Tabinet.app */,
				F6E218E91AE9ECEC0012172C /* TabinetTests.xctest */,
			);
			name = Products;
			sourceTree = "<group>";
		};
		F6E218D61AE9ECEC0012172C /* Tabinet */ = {
			isa = PBXGroup;
			children = (
				F6E218D91AE9ECEC0012172C /* AppDelegate.swift */,
				F6E218DB1AE9ECEC0012172C /* ViewController.swift */,
				F6E218E01AE9ECEC0012172C /* Images.xcassets */,
				F6E218E21AE9ECEC0012172C /* Main.storyboard */,
				F6E218DD1AE9ECEC0012172C /* Tabinet.xcdatamodeld */,
				F6E218D71AE9ECEC0012172C /* Supporting Files */,
			);
			path = Tabinet;
			sourceTree = "<group>";
		};
		F6E218D71AE9ECEC0012172C /* Supporting Files */ = {
			isa = PBXGroup;
			children = (
				F6E218D81AE9ECEC0012172C /* Info.plist */,
			);
			name = "Supporting Files";
			sourceTree = "<group>";
		};
		F6E218EC1AE9ECEC0012172C /* TabinetTests */ = {
			isa = PBXGroup;
			children = (
				F6E218EF1AE9ECEC0012172C /* TabinetTests.swift */,
				F6E218ED1AE9ECEC0012172C /* Supporting Files */,
			);
			path = TabinetTests;
			sourceTree = "<group>";
		};
		F6E218ED1AE9ECEC0012172C /* Supporting Files */ = {
			isa = PBXGroup;
			children = (
				F6E218EE1AE9ECEC0012172C /* Info.plist */,
			);
			name = "Supporting Files";
			sourceTree = "<group>";
		};
/* End PBXGroup section */

/* Begin PBXNativeTarget section */
		F6E218D31AE9ECEC0012172C /* Tabinet */ = {
			isa = PBXNativeTarget;
			buildConfigurationList = F6E218F31AE9ECEC0012172C /* Build configuration list for PBXNativeTarget "Tabinet" */;
			buildPhases = (
				F6E218D01AE9ECEC0012172C /* Sources */,
				F6E218D11AE9ECEC0012172C /* Frameworks */,
				F6E218D21AE9ECEC0012172C /* Resources */,
			);
			buildRules = (
			);
			dependencies = (
			);
			name = Tabinet;
			productName = Tabinet;
			productReference = F6E218D41AE9ECEC0012172C /* Tabinet.app */;
			productType = "com.apple.product-type.application";
		};
		F6E218E81AE9ECEC0012172C /* TabinetTests */ = {
			isa = PBXNativeTarget;
			buildConfigurationList = F6E218F61AE9ECEC0012172C /* Build configuration list for PBXNativeTarget "TabinetTests" */;
			buildPhases = (
				F6E218E51AE9ECEC0012172C /* Sources */,
				F6E218E61AE9ECEC0012172C /* Frameworks */,
				F6E218E71AE9ECEC0012172C /* Resources */,
			);
			buildRules = (
			);
			dependencies = (
				F6E218EB1AE9ECEC0012172C /* PBXTargetDependency */,
			);
			name = TabinetTests;
			productName = TabinetTests;
			productReference = F6E218E91AE9ECEC0012172C /* TabinetTests.xctest */;
			productType = "com.apple.product-type.bundle.unit-test";
		};
/* End PBXNativeTarget section */

/* Begin PBXProject section */
		F6E218CC1AE9ECEC0012172C /* Project object */ = {
			isa = PBXProject;
			attributes = {
				LastUpgradeCheck = 0620;
				ORGANIZATIONNAME = ebal;
				TargetAttributes = {
					F6E218D31AE9ECEC0012172C = {
						CreatedOnToolsVersion = 6.2;
					};
					F6E218E81AE9ECEC0012172C = {
						CreatedOnToolsVersion = 6.2;
						TestTargetID = F6E218D31AE9ECEC0012172C;
					};
				};
			};
			buildConfigurationList = F6E218CF1AE9ECEC0012172C /* Build configuration list for PBXProject "Tabinet" */;
			compatibilityVersion = "Xcode 3.2";
			developmentRegion = English;
			hasScannedForEncodings = 0;
			knownRegions = (
				en,
				Base,
			);
			mainGroup = F6E218CB1AE9ECEC0012172C;
			productRefGroup = F6E218D51AE9ECEC0012172C /* Products */;
			projectDirPath = "";
			projectRoot = "";
			targets = (
				F6E218D31AE9ECEC0012172C /* Tabinet */,
				F6E218E81AE9ECEC0012172C /* TabinetTests */,
			);
		};
/* End PBXProject section */

/* Begin PBXResourcesBuildPhase section */
		F6E218D21AE9ECEC0012172C /* Resources */ = {
			isa = PBXResourcesBuildPhase;
			buildActionMask = 2147483647;
			files = (
				F6E218E11AE9ECEC0012172C /* Images.xcassets in Resources */,
				F6E218E41AE9ECEC0012172C /* Main.storyboard in Resources */,
			);
			runOnlyForDeploymentPostprocessing = 0;
		};
		F6E218E71AE9ECEC0012172C /* Resources */ = {
			isa = PBXResourcesBuildPhase;
			buildActionMask = 2147483647;
			files = (
			);
			runOnlyForDeploymentPostprocessing = 0;
		};
/* End PBXResourcesBuildPhase section */

/* Begin PBXSourcesBuildPhase section */
		F6E218D01AE9ECEC0012172C /* Sources */ = {
			isa = PBXSourcesBuildPhase;
			buildActionMask = 2147483647;
			files = (
				F6E218DF1AE9ECEC0012172C /* Tabinet.xcdatamodeld in Sources */,
				F6E218DC1AE9ECEC0012172C /* ViewController.swift in Sources */,
				F6E218DA1AE9ECEC0012172C /* AppDelegate.swift in Sources */,
			);
			runOnlyForDeploymentPostprocessing = 0;
		};
		F6E218E51AE9ECEC0012172C /* Sources */ = {
			isa = PBXSourcesBuildPhase;
			buildActionMask = 2147483647;
			files = (
				F6E218F01AE9ECEC0012172C /* TabinetTests.swift in Sources */,
			);
			runOnlyForDeploymentPostprocessing = 0;
		};
/* End PBXSourcesBuildPhase section */

/* Begin PBXTargetDependency section */
		F6E218EB1AE9ECEC0012172C /* PBXTargetDependency */ = {
			isa = PBXTargetDependency;
			target = F6E218D31AE9ECEC0012172C /* Tabinet */;
			targetProxy = F6E218EA1AE9ECEC0012172C /* PBXContainerItemProxy */;
		};
/* End PBXTargetDependency section */

/* Begin PBXVariantGroup section */
		F6E218E21AE9ECEC0012172C /* Main.storyboard */ = {
			isa = PBXVariantGroup;
			children = (
				F6E218E31AE9ECEC0012172C /* Base */,
			);
			name = Main.storyboard;
			sourceTree = "<group>";
		};
/* End PBXVariantGroup section */

/* Begin XCBuildConfiguration section */
		F6E218F11AE9ECEC0012172C /* Debug */ = {
			isa = XCBuildConfiguration;
			buildSettings = {
				ALWAYS_SEARCH_USER_PATHS = NO;
				CLANG_CXX_LANGUAGE_STANDARD = "gnu++0x";
				CLANG_CXX_LIBRARY = "libc++";
				CLANG_ENABLE_MODULES = YES;
				CLANG_ENABLE_OBJC_ARC = YES;
				CLANG_WARN_BOOL_CONVERSION = YES;
				CLANG_WARN_CONSTANT_CONVERSION = YES;
				CLANG_WARN_DIRECT_OBJC_ISA_USAGE = YES_ERROR;
				CLANG_WARN_EMPTY_BODY = YES;
				CLANG_WARN_ENUM_CONVERSION = YES;
				CLANG_WARN_INT_CONVERSION = YES;
				CLANG_WARN_OBJC_ROOT_CLASS = YES_ERROR;
				CLANG_WARN_UNREACHABLE_CODE = YES;
				CLANG_WARN__DUPLICATE_METHOD_MATCH = YES;
				CODE_SIGN_IDENTITY = "-";
				COPY_PHASE_STRIP = NO;
				ENABLE_STRICT_OBJC_MSGSEND = YES;
				GCC_C_LANGUAGE_STANDARD = gnu99;
				GCC_DYNAMIC_NO_PIC = NO;
				GCC_OPTIMIZATION_LEVEL = 0;
				GCC_PREPROCESSOR_DEFINITIONS = (
					"DEBUG=1",
					"$(inherited)",
				);
				GCC_SYMBOLS_PRIVATE_EXTERN = NO;
				GCC_WARN_64_TO_32_BIT_CONVERSION = YES;
				GCC_WARN_ABOUT_RETURN_TYPE = YES_ERROR;
				GCC_WARN_UNDECLARED_SELECTOR = YES;
				GCC_WARN_UNINITIALIZED_AUTOS = YES_AGGRESSIVE;
				GCC_WARN_UNUSED_FUNCTION = YES;
				GCC_WARN_UNUSED_VARIABLE = YES;
				MACOSX_DEPLOYMENT_TARGET = 10.10;
				MTL_ENABLE_DEBUG_INFO = YES;
				ONLY_ACTIVE_ARCH = YES;
				SDKROOT = macosx;
				SWIFT_OPTIMIZATION_LEVEL = "-Onone";
			};
			name = Debug;
		};
		F6E218F21AE9ECEC0012172C /* Release */ = {
			isa = XCBuildConfiguration;
			buildSettings = {
				ALWAYS_SEARCH_USER_PATHS = NO;
				CLANG_CXX_LANGUAGE_STANDARD = "gnu++0x";
				CLANG_CXX_LIBRARY = "libc++";
				CLANG_ENABLE_MODULES = YES;
				CLANG_ENABLE_OBJC_ARC = YES;
				CLANG_WARN_BOOL_CONVERSION = YES;
				CLANG_WARN_CONSTANT_CONVERSION = YES;
				CLANG_WARN_DIRECT_OBJC_ISA_USAGE = YES_ERROR;
				CLANG_WARN_EMPTY_BODY = YES;
				CLANG_WARN_ENUM_CONVERSION = YES;
				CLANG_WARN_INT_CONVERSION = YES;
				CLANG_WARN_OBJC_ROOT_CLASS = YES_ERROR;
				CLANG_WARN_UNREACHABLE_CODE = YES;
				CLANG_WARN__DUPLICATE_METHOD_MATCH = YES;
				CODE_SIGN_IDENTITY = "-";
				COPY_PHASE_STRIP = NO;
				DEBUG_INFORMATION_FORMAT = "dwarf-with-dsym";
				ENABLE_NS_ASSERTIONS = NO;
				ENABLE_STRICT_OBJC_MSGSEND = YES;
				GCC_C_LANGUAGE_STANDARD = gnu99;
				GCC_WARN_64_TO_32_BIT_CONVERSION = YES;
				GCC_WARN_ABOUT_RETURN_TYPE = YES_ERROR;
				GCC_WARN_UNDECLARED_SELECTOR = YES;
				GCC_WARN_UNINITIALIZED_AUTOS = YES_AGGRESSIVE;
				GCC_WARN_UNUSED_FUNCTION = YES;
				GCC_WARN_UNUSED_VARIABLE = YES;
				MACOSX_DEPLOYMENT_TARGET = 10.10;
				MTL_ENABLE_DEBUG_INFO = NO;
				SDKROOT = macosx;
			};
			name = Release;
		};
		F6E218F41AE9ECEC0012172C /* Debug */ = {
			isa = XCBuildConfiguration;
			buildSettings = {
				ASSETCATALOG_COMPILER_APPICON_NAME = AppIcon;
				COMBINE_HIDPI_IMAGES = YES;
				INFOPLIST_FILE = Tabinet/Info.plist;
				LD_RUNPATH_SEARCH_PATHS = "$(inherited) @executable_path/../Frameworks";
				PRODUCT_NAME = "$(TARGET_NAME)";
			};
			name = Debug;
		};
		F6E218F51AE9ECEC0012172C /* Release */ = {
			isa = XCBuildConfiguration;
			buildSettings = {
				ASSETCATALOG_COMPILER_APPICON_NAME = AppIcon;
				COMBINE_HIDPI_IMAGES = YES;
				INFOPLIST_FILE = Tabinet/Info.plist;
				LD_RUNPATH_SEARCH_PATHS = "$(inherited) @executable_path/../Frameworks";
				PRODUCT_NAME = "$(TARGET_NAME)";
			};
			name = Release;
		};
		F6E218F71AE9ECEC0012172C /* Debug */ = {
			isa = XCBuildConfiguration;
			buildSettings = {
				BUNDLE_LOADER = "$(TEST_HOST)";
				COMBINE_HIDPI_IMAGES = YES;
				FRAMEWORK_SEARCH_PATHS = (
					"$(DEVELOPER_FRAMEWORKS_DIR)",
					"$(inherited)",
				);
				GCC_PREPROCESSOR_DEFINITIONS = (
					"DEBUG=1",
					"$(inherited)",
				);
				INFOPLIST_FILE = TabinetTests/Info.plist;
				LD_RUNPATH_SEARCH_PATHS = "$(inherited) @executable_path/../Frameworks @loader_path/../Frameworks";
				PRODUCT_NAME = "$(TARGET_NAME)";
				TEST_HOST = "$(BUILT_PRODUCTS_DIR)/Tabinet.app/Contents/MacOS/Tabinet";
			};
			name = Debug;
		};
		F6E218F81AE9ECEC0012172C /* Release */ = {
			isa = XCBuildConfiguration;
			buildSettings = {
				BUNDLE_LOADER = "$(TEST_HOST)";
				COMBINE_HIDPI_IMAGES = YES;
				FRAMEWORK_SEARCH_PATHS = (
					"$(DEVELOPER_FRAMEWORKS_DIR)",
					"$(inherited)",
				);
				INFOPLIST_FILE = TabinetTests/Info.plist;
				LD_RUNPATH_SEARCH_PATHS = "$(inherited) @executable_path/../Frameworks @loader_path/../Frameworks";
				PRODUCT_NAME = "$(TARGET_NAME)";
				TEST_HOST = "$(BUILT_PRODUCTS_DIR)/Tabinet.app/Contents/MacOS/Tabinet";
			};
			name = Release;
		};
/* End XCBuildConfiguration section */

/* Begin XCConfigurationList section */
		F6E218CF1AE9ECEC0012172C /* Build configuration list for PBXProject "Tabinet" */ = {
			isa = XCConfigurationList;
			buildConfigurations = (
				F6E218F11AE9ECEC0012172C /* Debug */,
				F6E218F21AE9ECEC0012172C /* Release */,
			);
			defaultConfigurationIsVisible = 0;
			defaultConfigurationName = Release;
		};
		F6E218F31AE9ECEC0012172C /* Build configuration list for PBXNativeTarget "Tabinet" */ = {
			isa = XCConfigurationList;
			buildConfigurations = (
				F6E218F41AE9ECEC0012172C /* Debug */,
				F6E218F51AE9ECEC0012172C /* Release */,
			);
			defaultConfigurationIsVisible = 0;
		};
		F6E218F61AE9ECEC0012172C /* Build configuration list for PBXNativeTarget "TabinetTests" */ = {
			isa = XCConfigurationList;
			buildConfigurations = (
				F6E218F71AE9ECEC0012172C /* Debug */,
				F6E218F81AE9ECEC0012172C /* Release */,
			);
			defaultConfigurationIsVisible = 0;
		};
/* End XCConfigurationList section */

/* Begin XCVersionGroup section */
		F6E218DD1AE9ECEC0012172C /* Tabinet.xcdatamodeld */ = {
			isa = XCVersionGroup;
			children = (
				F6E218DE1AE9ECEC0012172C /* Tabinet.xcdatamodel */,
			);
			currentVersion = F6E218DE1AE9ECEC0012172C /* Tabinet.xcdatamodel */;
			path = Tabinet.xcdatamodeld;
			sourceTree = "<group>";
			versionGroupType = wrapper.xcdatamodel;
		};
/* End XCVersionGroup section */
	};
	rootObject = F6E218CC1AE9ECEC0012172C /* Project object */;
}
